
Microsoft Visual Studio Solution File, Format Version 12.00
# Visual Studio Version 17
VisualStudioVersion = 17.12.35527.113
MinimumVisualStudioVersion = 10.0.40219.1
Project("{2150E333-8FDC-42A3-9474-1A3956D46DE8}") = "Solution Items", "Solution Items", "{CB9941DF-1BE9-4E73-8347-EBE49DA1E312}"
	ProjectSection(SolutionItems) = preProject
		.editorconfig = .editorconfig
	EndProjectSection
EndProject
Project("{FAE04EC0-301F-11D3-BF4B-00C04F79EFBC}") = "DocFxHelper.CLI", "src\DocFxHelper.CLI\DocFxHelper.CLI.csproj", "{38C3934A-2F24-47A5-BFD2-3414EC9C0AB4}"
EndProject
Project("{FAE04EC0-301F-11D3-BF4B-00C04F79EFBC}") = "DocFxHelper.Specification", "src\DocFxHelper.Specification\DocFxHelper.Specification.csproj", "{7B0DC652-23D0-4799-8435-EFE2CF95B6B5}"
EndProject
Project("{FAE04EC0-301F-11D3-BF4B-00C04F79EFBC}") = "DocFxHelper.Processor", "src\DocFxHelper.Processor\DocFxHelper.Processor.csproj", "{969A8934-872A-4685-98C5-849342945213}"
EndProject
Project("{FAE04EC0-301F-11D3-BF4B-00C04F79EFBC}") = "DocFxHelper.Domain", "src\DocFxHelper.Domain\DocFxHelper.Domain.csproj", "{636FD3EE-E7C8-4A47-91E3-C059B91A178A}"
EndProject
Project("{FAE04EC0-301F-11D3-BF4B-00C04F79EFBC}") = "DocFxHelper.Common", "src\DocFxHelper.Common\DocFxHelper.Common.csproj", "{BEC71F85-B145-4281-BF14-F7D96E504E39}"
EndProject
Global
	GlobalSection(SolutionConfigurationPlatforms) = preSolution
		Debug|Any CPU = Debug|Any CPU
		Release|Any CPU = Release|Any CPU
	EndGlobalSection
	GlobalSection(ProjectConfigurationPlatforms) = postSolution
		{38C3934A-2F24-47A5-BFD2-3414EC9C0AB4}.Debug|Any CPU.ActiveCfg = Debug|Any CPU
		{38C3934A-2F24-47A5-BFD2-3414EC9C0AB4}.Debug|Any CPU.Build.0 = Debug|Any CPU
		{38C3934A-2F24-47A5-BFD2-3414EC9C0AB4}.Release|Any CPU.ActiveCfg = Release|Any CPU
		{38C3934A-2F24-47A5-BFD2-3414EC9C0AB4}.Release|Any CPU.Build.0 = Release|Any CPU
		{7B0DC652-23D0-4799-8435-EFE2CF95B6B5}.Debug|Any CPU.ActiveCfg = Debug|Any CPU
		{7B0DC652-23D0-4799-8435-EFE2CF95B6B5}.Debug|Any CPU.Build.0 = Debug|Any CPU
		{7B0DC652-23D0-4799-8435-EFE2CF95B6B5}.Release|Any CPU.ActiveCfg = Release|Any CPU
		{7B0DC652-23D0-4799-8435-EFE2CF95B6B5}.Release|Any CPU.Build.0 = Release|Any CPU
		{969A8934-872A-4685-98C5-849342945213}.Debug|Any CPU.ActiveCfg = Debug|Any CPU
		{969A8934-872A-4685-98C5-849342945213}.Debug|Any CPU.Build.0 = Debug|Any CPU
		{969A8934-872A-4685-98C5-849342945213}.Release|Any CPU.ActiveCfg = Release|Any CPU
		{969A8934-872A-4685-98C5-849342945213}.Release|Any CPU.Build.0 = Release|Any CPU
		{636FD3EE-E7C8-4A47-91E3-C059B91A178A}.Debug|Any CPU.ActiveCfg = Debug|Any CPU
		{636FD3EE-E7C8-4A47-91E3-C059B91A178A}.Debug|Any CPU.Build.0 = Debug|Any CPU
		{636FD3EE-E7C8-4A47-91E3-C059B91A178A}.Release|Any CPU.ActiveCfg = Release|Any CPU
		{636FD3EE-E7C8-4A47-91E3-C059B91A178A}.Release|Any CPU.Build.0 = Release|Any CPU
		{BEC71F85-B145-4281-BF14-F7D96E504E39}.Debug|Any CPU.ActiveCfg = Debug|Any CPU
		{BEC71F85-B145-4281-BF14-F7D96E504E39}.Debug|Any CPU.Build.0 = Debug|Any CPU
		{BEC71F85-B145-4281-BF14-F7D96E504E39}.Release|Any CPU.ActiveCfg = Release|Any CPU
		{BEC71F85-B145-4281-BF14-F7D96E504E39}.Release|Any CPU.Build.0 = Release|Any CPU
	EndGlobalSection
	GlobalSection(SolutionProperties) = preSolution
		HideSolutionNode = FALSE
	EndGlobalSection
	GlobalSection(ExtensibilityGlobals) = postSolution
		SolutionGuid = {3277C7B9-69B1-42C0-B68A-25DBFEDC767E}
	EndGlobalSection
EndGlobal
